
Microsoft Visual Studio Solution File, Format Version 12.00
# Visual Studio Version 16
VisualStudioVersion = 16.0.29009.5
MinimumVisualStudioVersion = 10.0.40219.1
Project("{FAE04EC0-301F-11D3-BF4B-00C04F79EFBC}") = "CharacterCreator", "CharacterCreator.csproj", "{DD0F0AD4-9D4F-426A-AF8E-6DCBCF83F5BB}"
EndProject
Project("{2150E333-8FDC-42A3-9474-1A3956D46DE8}") = "Solution Items", "Solution Items", "{E061CAD3-A4D4-421D-9F20-D745B06ECEDD}"
EndProject
Global
	GlobalSection(SolutionConfigurationPlatforms) = preSolution
		Debug|Any CPU = Debug|Any CPU
		Release|Any CPU = Release|Any CPU
	EndGlobalSection
	GlobalSection(ProjectConfigurationPlatforms) = postSolution
		{DD0F0AD4-9D4F-426A-AF8E-6DCBCF83F5BB}.Debug|Any CPU.ActiveCfg = Debug|Any CPU
		{DD0F0AD4-9D4F-426A-AF8E-6DCBCF83F5BB}.Debug|Any CPU.Build.0 = Debug|Any CPU
		{DD0F0AD4-9D4F-426A-AF8E-6DCBCF83F5BB}.Debug|Any CPU.Deploy.0 = Debug|Any CPU
		{DD0F0AD4-9D4F-426A-AF8E-6DCBCF83F5BB}.Release|Any CPU.ActiveCfg = Release|Any CPU
		{DD0F0AD4-9D4F-426A-AF8E-6DCBCF83F5BB}.Release|Any CPU.Build.0 = Release|Any CPU
		{DD0F0AD4-9D4F-426A-AF8E-6DCBCF83F5BB}.Release|Any CPU.Deploy.0 = Release|Any CPU
	EndGlobalSection
	GlobalSection(SolutionProperties) = preSolution
		HideSolutionNode = FALSE
	EndGlobalSection
	GlobalSection(ExtensibilityGlobals) = postSolution
		SolutionGuid = {25CB3E62-6BB9-453C-A925-B06368065562}
	EndGlobalSection
EndGlobal
